
Microsoft Visual Studio Solution File, Format Version 12.00
# Visual Studio Version 17
VisualStudioVersion = 17.13.35931.197
MinimumVisualStudioVersion = 10.0.40219.1
Project("{FAE04EC0-301F-11D3-BF4B-00C04F79EFBC}") = "Calculator", "Calculator\Calculator.csproj", "{B4538870-9079-4260-8383-6D48BB20F005}"
EndProject
Project("{FAE04EC0-301F-11D3-BF4B-00C04F79EFBC}") = "Calculator.Tests", "Calculator.Tests\Calculator.Tests.csproj", "{073B54B1-2358-4160-AEA8-B67212AA139A}"
EndProject
Project("{2150E333-8FDC-42A3-9474-1A3956D46DE8}") = "Solution Items", "Solution Items", "{8EC462FD-D22E-90A8-E5CE-7E832BA40C5D}"
	ProjectSection(SolutionItems) = preProject
		ci-pipeline.prompt = ci-pipeline.prompt
	EndProjectSection
EndProject
Global
	GlobalSection(SolutionConfigurationPlatforms) = preSolution
		Debug|Any CPU = Debug|Any CPU
		Release|Any CPU = Release|Any CPU
	EndGlobalSection
	GlobalSection(ProjectConfigurationPlatforms) = postSolution
		{B4538870-9079-4260-8383-6D48BB20F005}.Debug|Any CPU.ActiveCfg = Debug|Any CPU
		{B4538870-9079-4260-8383-6D48BB20F005}.Debug|Any CPU.Build.0 = Debug|Any CPU
		{B4538870-9079-4260-8383-6D48BB20F005}.Release|Any CPU.ActiveCfg = Release|Any CPU
		{B4538870-9079-4260-8383-6D48BB20F005}.Release|Any CPU.Build.0 = Release|Any CPU
		{073B54B1-2358-4160-AEA8-B67212AA139A}.Debug|Any CPU.ActiveCfg = Debug|Any CPU
		{073B54B1-2358-4160-AEA8-B67212AA139A}.Debug|Any CPU.Build.0 = Debug|Any CPU
		{073B54B1-2358-4160-AEA8-B67212AA139A}.Release|Any CPU.ActiveCfg = Release|Any CPU
		{073B54B1-2358-4160-AEA8-B67212AA139A}.Release|Any CPU.Build.0 = Release|Any CPU
	EndGlobalSection
	GlobalSection(SolutionProperties) = preSolution
		HideSolutionNode = FALSE
	EndGlobalSection
	GlobalSection(ExtensibilityGlobals) = postSolution
		SolutionGuid = {1DAA0BA3-1AB6-4D1F-AA8B-08D93F4B6383}
	EndGlobalSection
EndGlobal
